{
  "nodes": {
    "nixpkgs": {
      "locked": {
        "lastModified": 1745377448,
        "narHash": "sha256-jhZDfXVKdD7TSEGgzFJQvEEZ2K65UMiqW5YJ2aIqxMA=",
        "owner": "NixOS",
        "repo": "nixpkgs",
        "rev": "507b63021ada5fee621b6ca371c4fca9ca46f52c",
        "type": "github"
      },
      "original": {
        "owner": "NixOS",
        "ref": "nixpkgs-unstable",
        "repo": "nixpkgs",
        "type": "github"
      }
    },
    "root": {
      "inputs": {
        "nixpkgs": "nixpkgs",
        "zmk-nix": "zmk-nix"
      }
    },
    "zmk-nix": {
      "inputs": {
        "nixpkgs": [
          "nixpkgs"
        ]
      },
      "locked": {
        "lastModified": 1719429899,
        "narHash": "sha256-4avhy9WWpDwKD+lXM18f2BlPDh95Wdd6lifFXklFO+Y=",
        "owner": "Mic92",
        "repo": "zmk-nix",
        "rev": "84a1ebb5592cd7ea5b07239ec0ae470e7a168892",
        "type": "github"
      },
      "original": {
        "owner": "Mic92",
        "ref": "west-build-flags",
        "repo": "zmk-nix",
        "type": "github"
      }
    }
  },
  "root": "root",
  "version": 7
}
