{
  "nodes": {
    "nixpkgs": {
      "locked": {
        "lastModified": 1746029695,
        "narHash": "sha256-ucaEphdH+3ANIprXcYiGoXfHGQol3c5G5f99R7RBU58=",
        "owner": "NixOS",
        "repo": "nixpkgs",
        "rev": "70b191e2e0b1b5fe8586ad939dfa01f3047865f7",
        "type": "github"
      },
      "original": {
        "owner": "NixOS",
        "ref": "nixpkgs-unstable",
        "repo": "nixpkgs",
        "type": "github"
      }
    },
    "root": {
      "inputs": {
        "nixpkgs": "nixpkgs",
        "zmk-nix": "zmk-nix"
      }
    },
    "zmk-nix": {
      "inputs": {
        "nixpkgs": [
          "nixpkgs"
        ]
      },
      "locked": {
        "lastModified": 1719429899,
        "narHash": "sha256-4avhy9WWpDwKD+lXM18f2BlPDh95Wdd6lifFXklFO+Y=",
        "owner": "Mic92",
        "repo": "zmk-nix",
        "rev": "84a1ebb5592cd7ea5b07239ec0ae470e7a168892",
        "type": "github"
      },
      "original": {
        "owner": "Mic92",
        "ref": "west-build-flags",
        "repo": "zmk-nix",
        "type": "github"
      }
    }
  },
  "root": "root",
  "version": 7
}
