{
  "nodes": {
    "nixpkgs": {
      "locked": {
        "lastModified": 1750619564,
        "narHash": "sha256-hVpwvD7TVU327dow2dU5vAiuS9iI/Dsb204HnP7gfZI=",
        "ref": "main",
        "rev": "d59c511e022051c885d465262947d2491cb04258",
        "shallow": true,
        "type": "git",
        "url": "https://github.com/Mic92/nixpkgs"
      },
      "original": {
        "ref": "main",
        "shallow": true,
        "type": "git",
        "url": "https://github.com/Mic92/nixpkgs"
      }
    },
    "root": {
      "inputs": {
        "nixpkgs": "nixpkgs",
        "zmk-nix": "zmk-nix"
      }
    },
    "zmk-nix": {
      "inputs": {
        "nixpkgs": [
          "nixpkgs"
        ]
      },
      "locked": {
        "lastModified": 1751157836,
        "narHash": "sha256-xm8szC6nTDiV05ccV0cWMlRQmtmo5Ikw3r1atMjFp4g=",
        "owner": "lilyinstarlight",
        "repo": "zmk-nix",
        "rev": "9851a9b29d35e77da465406e8b8d8dbee36c79d7",
        "type": "github"
      },
      "original": {
        "owner": "lilyinstarlight",
        "repo": "zmk-nix",
        "type": "github"
      }
    }
  },
  "root": "root",
  "version": 7
}
